
Microsoft Visual Studio Solution File, Format Version 12.00
# Visual Studio 15
VisualStudioVersion = 15.0.27703.2042
MinimumVisualStudioVersion = 10.0.40219.1
Project("{FAE04EC0-301F-11D3-BF4B-00C04F79EFBC}") = "VersionUpdater", "VersionUpdater.csproj", "{F9C25938-2EDE-4349-AC7D-34B86EA0AACA}"
EndProject
Project("{FAE04EC0-301F-11D3-BF4B-00C04F79EFBC}") = "TextProcessor", "TextReplacer\TextProcessor.csproj", "{AAB676D8-30BB-426E-80D9-0B3C6009F6CD}"
EndProject
Global
	GlobalSection(SolutionConfigurationPlatforms) = preSolution
		Debug|Any CPU = Debug|Any CPU
		Release|Any CPU = Release|Any CPU
	EndGlobalSection
	GlobalSection(ProjectConfigurationPlatforms) = postSolution
		{F9C25938-2EDE-4349-AC7D-34B86EA0AACA}.Debug|Any CPU.ActiveCfg = Debug|Any CPU
		{F9C25938-2EDE-4349-AC7D-34B86EA0AACA}.Debug|Any CPU.Build.0 = Debug|Any CPU
		{F9C25938-2EDE-4349-AC7D-34B86EA0AACA}.Release|Any CPU.ActiveCfg = Release|Any CPU
		{F9C25938-2EDE-4349-AC7D-34B86EA0AACA}.Release|Any CPU.Build.0 = Release|Any CPU
		{AAB676D8-30BB-426E-80D9-0B3C6009F6CD}.Debug|Any CPU.ActiveCfg = Debug|Any CPU
		{AAB676D8-30BB-426E-80D9-0B3C6009F6CD}.Debug|Any CPU.Build.0 = Debug|Any CPU
		{AAB676D8-30BB-426E-80D9-0B3C6009F6CD}.Release|Any CPU.ActiveCfg = Release|Any CPU
		{AAB676D8-30BB-426E-80D9-0B3C6009F6CD}.Release|Any CPU.Build.0 = Release|Any CPU
	EndGlobalSection
	GlobalSection(SolutionProperties) = preSolution
		HideSolutionNode = FALSE
	EndGlobalSection
	GlobalSection(ExtensibilityGlobals) = postSolution
		SolutionGuid = {E0CE2171-3166-4EBC-87AA-E0A8634CAD89}
	EndGlobalSection
EndGlobal
